// !$*UTF8*$!
{
	archiveVersion = 1;
	classes = {
	};
	objectVersion = 48;
	objects = {

/* Begin PBXBuildFile section */
		CD34A0411F920A9E000CAEE1 /* Contributor.swift in Sources */ = {isa = PBXBuildFile; fileRef = CD34A0401F920A9E000CAEE1 /* Contributor.swift */; };
		CD34A0431F923867000CAEE1 /* Errors.swift in Sources */ = {isa = PBXBuildFile; fileRef = CD34A0421F923867000CAEE1 /* Errors.swift */; };
		CD3A3F081F927A7100A622BD /* RepositoryTableViewCell.swift in Sources */ = {isa = PBXBuildFile; fileRef = CD3A3F071F927A7100A622BD /* RepositoryTableViewCell.swift */; };
		CD62ED981F9283D400DD5C43 /* RepositoryDescriptionTableViewController.swift in Sources */ = {isa = PBXBuildFile; fileRef = CD62ED971F9283D400DD5C43 /* RepositoryDescriptionTableViewController.swift */; };
		CD62ED9A1F9284F100DD5C43 /* Constants.swift in Sources */ = {isa = PBXBuildFile; fileRef = CD62ED991F9284F100DD5C43 /* Constants.swift */; };
		CD62ED9C1F929D0700DD5C43 /* CommitsViewController.swift in Sources */ = {isa = PBXBuildFile; fileRef = CD62ED9B1F929D0700DD5C43 /* CommitsViewController.swift */; };
		CD62ED9E1F929D4900DD5C43 /* ContributorsViewController.swift in Sources */ = {isa = PBXBuildFile; fileRef = CD62ED9D1F929D4900DD5C43 /* ContributorsViewController.swift */; };
		CD65510E1F91FDFF00C2ADD7 /* Repository.swift in Sources */ = {isa = PBXBuildFile; fileRef = CD65510D1F91FDFF00C2ADD7 /* Repository.swift */; };
		CD6551101F9201B400C2ADD7 /* ContentService.swift in Sources */ = {isa = PBXBuildFile; fileRef = CD65510F1F9201B400C2ADD7 /* ContentService.swift */; };
		CD6551121F92030D00C2ADD7 /* Commit.swift in Sources */ = {isa = PBXBuildFile; fileRef = CD6551111F92030D00C2ADD7 /* Commit.swift */; };
		CD71ECCA1F934A450023EFF2 /* ContributorTableViewCell.swift in Sources */ = {isa = PBXBuildFile; fileRef = CD71ECC91F934A450023EFF2 /* ContributorTableViewCell.swift */; };
		CD8C8AD31F93A77600F8D897 /* ContentService+Error.swift in Sources */ = {isa = PBXBuildFile; fileRef = CD8C8AD21F93A77600F8D897 /* ContentService+Error.swift */; };
		CD8C8AD51F93CBC700F8D897 /* ImageCache.swift in Sources */ = {isa = PBXBuildFile; fileRef = CD8C8AD41F93CBC700F8D897 /* ImageCache.swift */; };
		CD8C8AD91F93F79300F8D897 /* Pagination.swift in Sources */ = {isa = PBXBuildFile; fileRef = CD8C8AD81F93F79200F8D897 /* Pagination.swift */; };
		CD8C8ADB1F9484E300F8D897 /* InfiniteScrollTableFooterView.swift in Sources */ = {isa = PBXBuildFile; fileRef = CD8C8ADA1F9484E300F8D897 /* InfiniteScrollTableFooterView.swift */; };
		CD9138F11F9358D8009BBF3C /* CommitTableViewCell.swift in Sources */ = {isa = PBXBuildFile; fileRef = CD9138F01F9358D8009BBF3C /* CommitTableViewCell.swift */; };
		CD9F36CC1F93948A00FC02BA /* UIViewController+Alert.swift in Sources */ = {isa = PBXBuildFile; fileRef = CD9F36CB1F93948A00FC02BA /* UIViewController+Alert.swift */; };
		CDAAC3401F913695007E3D99 /* AppDelegate.swift in Sources */ = {isa = PBXBuildFile; fileRef = CDAAC33F1F913695007E3D99 /* AppDelegate.swift */; };
		CDAAC3451F913695007E3D99 /* Main.storyboard in Resources */ = {isa = PBXBuildFile; fileRef = CDAAC3431F913695007E3D99 /* Main.storyboard */; };
		CDAAC3471F913695007E3D99 /* Assets.xcassets in Resources */ = {isa = PBXBuildFile; fileRef = CDAAC3461F913695007E3D99 /* Assets.xcassets */; };
		CDAAC34A1F913695007E3D99 /* LaunchScreen.storyboard in Resources */ = {isa = PBXBuildFile; fileRef = CDAAC3481F913695007E3D99 /* LaunchScreen.storyboard */; };
		CDAAC3541F913755007E3D99 /* API.swift in Sources */ = {isa = PBXBuildFile; fileRef = CDAAC3531F913755007E3D99 /* API.swift */; };
		CDAAC3581F91F4C8007E3D99 /* RepositoriesViewController.swift in Sources */ = {isa = PBXBuildFile; fileRef = CDAAC3571F91F4C8007E3D99 /* RepositoriesViewController.swift */; };
/* End PBXBuildFile section */

/* Begin PBXFileReference section */
		CD34A0401F920A9E000CAEE1 /* Contributor.swift */ = {isa = PBXFileReference; lastKnownFileType = sourcecode.swift; path = Contributor.swift; sourceTree = "<group>"; };
		CD34A0421F923867000CAEE1 /* Errors.swift */ = {isa = PBXFileReference; lastKnownFileType = sourcecode.swift; path = Errors.swift; sourceTree = "<group>"; };
		CD3A3F071F927A7100A622BD /* RepositoryTableViewCell.swift */ = {isa = PBXFileReference; lastKnownFileType = sourcecode.swift; path = RepositoryTableViewCell.swift; sourceTree = "<group>"; };
		CD62ED971F9283D400DD5C43 /* RepositoryDescriptionTableViewController.swift */ = {isa = PBXFileReference; lastKnownFileType = sourcecode.swift; path = RepositoryDescriptionTableViewController.swift; sourceTree = "<group>"; };
		CD62ED991F9284F100DD5C43 /* Constants.swift */ = {isa = PBXFileReference; lastKnownFileType = sourcecode.swift; path = Constants.swift; sourceTree = "<group>"; };
		CD62ED9B1F929D0700DD5C43 /* CommitsViewController.swift */ = {isa = PBXFileReference; lastKnownFileType = sourcecode.swift; path = CommitsViewController.swift; sourceTree = "<group>"; };
		CD62ED9D1F929D4900DD5C43 /* ContributorsViewController.swift */ = {isa = PBXFileReference; lastKnownFileType = sourcecode.swift; path = ContributorsViewController.swift; sourceTree = "<group>"; };
		CD65510D1F91FDFF00C2ADD7 /* Repository.swift */ = {isa = PBXFileReference; lastKnownFileType = sourcecode.swift; path = Repository.swift; sourceTree = "<group>"; };
		CD65510F1F9201B400C2ADD7 /* ContentService.swift */ = {isa = PBXFileReference; lastKnownFileType = sourcecode.swift; path = ContentService.swift; sourceTree = "<group>"; };
		CD6551111F92030D00C2ADD7 /* Commit.swift */ = {isa = PBXFileReference; lastKnownFileType = sourcecode.swift; path = Commit.swift; sourceTree = "<group>"; };
		CD71ECC91F934A450023EFF2 /* ContributorTableViewCell.swift */ = {isa = PBXFileReference; lastKnownFileType = sourcecode.swift; path = ContributorTableViewCell.swift; sourceTree = "<group>"; };
		CD8C8AD21F93A77600F8D897 /* ContentService+Error.swift */ = {isa = PBXFileReference; lastKnownFileType = sourcecode.swift; path = "ContentService+Error.swift"; sourceTree = "<group>"; };
		CD8C8AD41F93CBC700F8D897 /* ImageCache.swift */ = {isa = PBXFileReference; lastKnownFileType = sourcecode.swift; path = ImageCache.swift; sourceTree = "<group>"; };
		CD8C8AD81F93F79200F8D897 /* Pagination.swift */ = {isa = PBXFileReference; lastKnownFileType = sourcecode.swift; path = Pagination.swift; sourceTree = "<group>"; };
		CD8C8ADA1F9484E300F8D897 /* InfiniteScrollTableFooterView.swift */ = {isa = PBXFileReference; lastKnownFileType = sourcecode.swift; path = InfiniteScrollTableFooterView.swift; sourceTree = "<group>"; };
		CD9138F01F9358D8009BBF3C /* CommitTableViewCell.swift */ = {isa = PBXFileReference; lastKnownFileType = sourcecode.swift; path = CommitTableViewCell.swift; sourceTree = "<group>"; };
		CD9F36CB1F93948A00FC02BA /* UIViewController+Alert.swift */ = {isa = PBXFileReference; lastKnownFileType = sourcecode.swift; path = "UIViewController+Alert.swift"; sourceTree = "<group>"; };
		CDAAC33C1F913695007E3D99 /* SquareRepos.app */ = {isa = PBXFileReference; explicitFileType = wrapper.application; includeInIndex = 0; path = SquareRepos.app; sourceTree = BUILT_PRODUCTS_DIR; };
		CDAAC33F1F913695007E3D99 /* AppDelegate.swift */ = {isa = PBXFileReference; lastKnownFileType = sourcecode.swift; path = AppDelegate.swift; sourceTree = "<group>"; };
		CDAAC3441F913695007E3D99 /* Base */ = {isa = PBXFileReference; lastKnownFileType = file.storyboard; name = Base; path = Base.lproj/Main.storyboard; sourceTree = "<group>"; };
		CDAAC3461F913695007E3D99 /* Assets.xcassets */ = {isa = PBXFileReference; lastKnownFileType = folder.assetcatalog; path = Assets.xcassets; sourceTree = "<group>"; };
		CDAAC3491F913695007E3D99 /* Base */ = {isa = PBXFileReference; lastKnownFileType = file.storyboard; name = Base; path = Base.lproj/LaunchScreen.storyboard; sourceTree = "<group>"; };
		CDAAC34B1F913695007E3D99 /* Info.plist */ = {isa = PBXFileReference; lastKnownFileType = text.plist.xml; path = Info.plist; sourceTree = "<group>"; };
		CDAAC3531F913755007E3D99 /* API.swift */ = {isa = PBXFileReference; lastKnownFileType = sourcecode.swift; path = API.swift; sourceTree = "<group>"; };
		CDAAC3571F91F4C8007E3D99 /* RepositoriesViewController.swift */ = {isa = PBXFileReference; lastKnownFileType = sourcecode.swift; path = RepositoriesViewController.swift; sourceTree = "<group>"; };
/* End PBXFileReference section */

/* Begin PBXFrameworksBuildPhase section */
		CDAAC3391F913695007E3D99 /* Frameworks */ = {
			isa = PBXFrameworksBuildPhase;
			buildActionMask = 2147483647;
			files = (
			);
			runOnlyForDeploymentPostprocessing = 0;
		};
/* End PBXFrameworksBuildPhase section */

/* Begin PBXGroup section */
		CD3A3F061F927A5300A622BD /* Views */ = {
			isa = PBXGroup;
			children = (
				CD3A3F071F927A7100A622BD /* RepositoryTableViewCell.swift */,
				CD71ECC91F934A450023EFF2 /* ContributorTableViewCell.swift */,
				CD9138F01F9358D8009BBF3C /* CommitTableViewCell.swift */,
				CD8C8ADA1F9484E300F8D897 /* InfiniteScrollTableFooterView.swift */,
			);
			path = Views;
			sourceTree = "<group>";
		};
		CD65510C1F91FD9000C2ADD7 /* Models */ = {
			isa = PBXGroup;
			children = (
				CD65510D1F91FDFF00C2ADD7 /* Repository.swift */,
				CD6551111F92030D00C2ADD7 /* Commit.swift */,
				CD34A0401F920A9E000CAEE1 /* Contributor.swift */,
			);
			path = Models;
			sourceTree = "<group>";
		};
		CD9F36CA1F9393FB00FC02BA /* Utils */ = {
			isa = PBXGroup;
			children = (
				CD62ED991F9284F100DD5C43 /* Constants.swift */,
				CD9F36CB1F93948A00FC02BA /* UIViewController+Alert.swift */,
				CD8C8AD21F93A77600F8D897 /* ContentService+Error.swift */,
				CD8C8AD41F93CBC700F8D897 /* ImageCache.swift */,
				CD8C8AD81F93F79200F8D897 /* Pagination.swift */,
			);
			path = Utils;
			sourceTree = "<group>";
		};
		CDAAC3331F913695007E3D99 = {
			isa = PBXGroup;
			children = (
				CDAAC33E1F913695007E3D99 /* SquareRepos */,
				CDAAC33D1F913695007E3D99 /* Products */,
			);
			sourceTree = "<group>";
		};
		CDAAC33D1F913695007E3D99 /* Products */ = {
			isa = PBXGroup;
			children = (
				CDAAC33C1F913695007E3D99 /* SquareRepos.app */,
			);
			name = Products;
			sourceTree = "<group>";
		};
		CDAAC33E1F913695007E3D99 /* SquareRepos */ = {
			isa = PBXGroup;
			children = (
				CD9F36CA1F9393FB00FC02BA /* Utils */,
				CDAAC3551F91F48C007E3D99 /* Presentation Layer */,
				CDAAC3521F913720007E3D99 /* Network Layer */,
				CD65510C1F91FD9000C2ADD7 /* Models */,
				CDAAC33F1F913695007E3D99 /* AppDelegate.swift */,
				CDAAC3431F913695007E3D99 /* Main.storyboard */,
				CDAAC3511F9136C4007E3D99 /* Supporting Files */,
			);
			path = SquareRepos;
			sourceTree = "<group>";
		};
		CDAAC3511F9136C4007E3D99 /* Supporting Files */ = {
			isa = PBXGroup;
			children = (
				CDAAC34B1F913695007E3D99 /* Info.plist */,
				CDAAC3481F913695007E3D99 /* LaunchScreen.storyboard */,
				CDAAC3461F913695007E3D99 /* Assets.xcassets */,
			);
			path = "Supporting Files";
			sourceTree = "<group>";
		};
		CDAAC3521F913720007E3D99 /* Network Layer */ = {
			isa = PBXGroup;
			children = (
				CDAAC3531F913755007E3D99 /* API.swift */,
				CD34A0421F923867000CAEE1 /* Errors.swift */,
				CD65510F1F9201B400C2ADD7 /* ContentService.swift */,
			);
			path = "Network Layer";
			sourceTree = "<group>";
		};
		CDAAC3551F91F48C007E3D99 /* Presentation Layer */ = {
			isa = PBXGroup;
			children = (
				CD3A3F061F927A5300A622BD /* Views */,
				CDAAC3561F91F49E007E3D99 /* ViewControllers */,
			);
			path = "Presentation Layer";
			sourceTree = "<group>";
		};
		CDAAC3561F91F49E007E3D99 /* ViewControllers */ = {
			isa = PBXGroup;
			children = (
				CDAAC3571F91F4C8007E3D99 /* RepositoriesViewController.swift */,
				CD62ED971F9283D400DD5C43 /* RepositoryDescriptionTableViewController.swift */,
				CD62ED9B1F929D0700DD5C43 /* CommitsViewController.swift */,
				CD62ED9D1F929D4900DD5C43 /* ContributorsViewController.swift */,
			);
			path = ViewControllers;
			sourceTree = "<group>";
		};
/* End PBXGroup section */

/* Begin PBXNativeTarget section */
		CDAAC33B1F913695007E3D99 /* SquareRepos */ = {
			isa = PBXNativeTarget;
			buildConfigurationList = CDAAC34E1F913695007E3D99 /* Build configuration list for PBXNativeTarget "SquareRepos" */;
			buildPhases = (
				CDAAC3381F913695007E3D99 /* Sources */,
				CDAAC3391F913695007E3D99 /* Frameworks */,
				CDAAC33A1F913695007E3D99 /* Resources */,
			);
			buildRules = (
			);
			dependencies = (
			);
			name = SquareRepos;
			productName = SquareRepos;
			productReference = CDAAC33C1F913695007E3D99 /* SquareRepos.app */;
			productType = "com.apple.product-type.application";
		};
/* End PBXNativeTarget section */

/* Begin PBXProject section */
		CDAAC3341F913695007E3D99 /* Project object */ = {
			isa = PBXProject;
			attributes = {
				LastSwiftUpdateCheck = 0900;
				LastUpgradeCheck = 0900;
				ORGANIZATIONNAME = "Alexander Spirichev";
				TargetAttributes = {
					CDAAC33B1F913695007E3D99 = {
						CreatedOnToolsVersion = 9.0;
						ProvisioningStyle = Automatic;
					};
				};
			};
			buildConfigurationList = CDAAC3371F913695007E3D99 /* Build configuration list for PBXProject "SquareRepos" */;
			compatibilityVersion = "Xcode 8.0";
			developmentRegion = en;
			hasScannedForEncodings = 0;
			knownRegions = (
				en,
				Base,
			);
			mainGroup = CDAAC3331F913695007E3D99;
			productRefGroup = CDAAC33D1F913695007E3D99 /* Products */;
			projectDirPath = "";
			projectRoot = "";
			targets = (
				CDAAC33B1F913695007E3D99 /* SquareRepos */,
			);
		};
/* End PBXProject section */

/* Begin PBXResourcesBuildPhase section */
		CDAAC33A1F913695007E3D99 /* Resources */ = {
			isa = PBXResourcesBuildPhase;
			buildActionMask = 2147483647;
			files = (
				CDAAC34A1F913695007E3D99 /* LaunchScreen.storyboard in Resources */,
				CDAAC3471F913695007E3D99 /* Assets.xcassets in Resources */,
				CDAAC3451F913695007E3D99 /* Main.storyboard in Resources */,
			);
			runOnlyForDeploymentPostprocessing = 0;
		};
/* End PBXResourcesBuildPhase section */

/* Begin PBXSourcesBuildPhase section */
		CDAAC3381F913695007E3D99 /* Sources */ = {
			isa = PBXSourcesBuildPhase;
			buildActionMask = 2147483647;
			files = (
				CD9138F11F9358D8009BBF3C /* CommitTableViewCell.swift in Sources */,
				CD3A3F081F927A7100A622BD /* RepositoryTableViewCell.swift in Sources */,
				CD62ED9A1F9284F100DD5C43 /* Constants.swift in Sources */,
				CD9F36CC1F93948A00FC02BA /* UIViewController+Alert.swift in Sources */,
				CD6551121F92030D00C2ADD7 /* Commit.swift in Sources */,
				CD62ED981F9283D400DD5C43 /* RepositoryDescriptionTableViewController.swift in Sources */,
				CDAAC3581F91F4C8007E3D99 /* RepositoriesViewController.swift in Sources */,
				CD71ECCA1F934A450023EFF2 /* ContributorTableViewCell.swift in Sources */,
				CD8C8AD51F93CBC700F8D897 /* ImageCache.swift in Sources */,
				CD62ED9C1F929D0700DD5C43 /* CommitsViewController.swift in Sources */,
				CD34A0411F920A9E000CAEE1 /* Contributor.swift in Sources */,
				CD8C8AD91F93F79300F8D897 /* Pagination.swift in Sources */,
				CDAAC3541F913755007E3D99 /* API.swift in Sources */,
				CD8C8ADB1F9484E300F8D897 /* InfiniteScrollTableFooterView.swift in Sources */,
				CD8C8AD31F93A77600F8D897 /* ContentService+Error.swift in Sources */,
				CD62ED9E1F929D4900DD5C43 /* ContributorsViewController.swift in Sources */,
				CD34A0431F923867000CAEE1 /* Errors.swift in Sources */,
				CDAAC3401F913695007E3D99 /* AppDelegate.swift in Sources */,
				CD65510E1F91FDFF00C2ADD7 /* Repository.swift in Sources */,
				CD6551101F9201B400C2ADD7 /* ContentService.swift in Sources */,
			);
			runOnlyForDeploymentPostprocessing = 0;
		};
/* End PBXSourcesBuildPhase section */

/* Begin PBXVariantGroup section */
		CDAAC3431F913695007E3D99 /* Main.storyboard */ = {
			isa = PBXVariantGroup;
			children = (
				CDAAC3441F913695007E3D99 /* Base */,
			);
			name = Main.storyboard;
			sourceTree = "<group>";
		};
		CDAAC3481F913695007E3D99 /* LaunchScreen.storyboard */ = {
			isa = PBXVariantGroup;
			children = (
				CDAAC3491F913695007E3D99 /* Base */,
			);
			name = LaunchScreen.storyboard;
			sourceTree = "<group>";
		};
/* End PBXVariantGroup section */

/* Begin XCBuildConfiguration section */
		CDAAC34C1F913695007E3D99 /* Debug */ = {
			isa = XCBuildConfiguration;
			buildSettings = {
				ALWAYS_SEARCH_USER_PATHS = NO;
				CLANG_ANALYZER_NONNULL = YES;
				CLANG_ANALYZER_NUMBER_OBJECT_CONVERSION = YES_AGGRESSIVE;
				CLANG_CXX_LANGUAGE_STANDARD = "gnu++14";
				CLANG_CXX_LIBRARY = "libc++";
				CLANG_ENABLE_MODULES = YES;
				CLANG_ENABLE_OBJC_ARC = YES;
				CLANG_WARN_BLOCK_CAPTURE_AUTORELEASING = YES;
				CLANG_WARN_BOOL_CONVERSION = YES;
				CLANG_WARN_COMMA = YES;
				CLANG_WARN_CONSTANT_CONVERSION = YES;
				CLANG_WARN_DIRECT_OBJC_ISA_USAGE = YES_ERROR;
				CLANG_WARN_DOCUMENTATION_COMMENTS = YES;
				CLANG_WARN_EMPTY_BODY = YES;
				CLANG_WARN_ENUM_CONVERSION = YES;
				CLANG_WARN_INFINITE_RECURSION = YES;
				CLANG_WARN_INT_CONVERSION = YES;
				CLANG_WARN_NON_LITERAL_NULL_CONVERSION = YES;
				CLANG_WARN_OBJC_LITERAL_CONVERSION = YES;
				CLANG_WARN_OBJC_ROOT_CLASS = YES_ERROR;
				CLANG_WARN_RANGE_LOOP_ANALYSIS = YES;
				CLANG_WARN_STRICT_PROTOTYPES = YES;
				CLANG_WARN_SUSPICIOUS_MOVE = YES;
				CLANG_WARN_UNGUARDED_AVAILABILITY = YES_AGGRESSIVE;
				CLANG_WARN_UNREACHABLE_CODE = YES;
				CLANG_WARN__DUPLICATE_METHOD_MATCH = YES;
				CODE_SIGN_IDENTITY = "iPhone Developer";
				COPY_PHASE_STRIP = NO;
				DEBUG_INFORMATION_FORMAT = dwarf;
				ENABLE_STRICT_OBJC_MSGSEND = YES;
				ENABLE_TESTABILITY = YES;
				GCC_C_LANGUAGE_STANDARD = gnu11;
				GCC_DYNAMIC_NO_PIC = NO;
				GCC_NO_COMMON_BLOCKS = YES;
				GCC_OPTIMIZATION_LEVEL = 0;
				GCC_PREPROCESSOR_DEFINITIONS = (
					"DEBUG=1",
					"$(inherited)",
				);
				GCC_WARN_64_TO_32_BIT_CONVERSION = YES;
				GCC_WARN_ABOUT_RETURN_TYPE = YES_ERROR;
				GCC_WARN_UNDECLARED_SELECTOR = YES;
				GCC_WARN_UNINITIALIZED_AUTOS = YES_AGGRESSIVE;
				GCC_WARN_UNUSED_FUNCTION = YES;
				GCC_WARN_UNUSED_VARIABLE = YES;
				IPHONEOS_DEPLOYMENT_TARGET = 10.0;
				MTL_ENABLE_DEBUG_INFO = YES;
				ONLY_ACTIVE_ARCH = YES;
				SDKROOT = iphoneos;
				SWIFT_ACTIVE_COMPILATION_CONDITIONS = DEBUG;
				SWIFT_OPTIMIZATION_LEVEL = "-Onone";
				SWIFT_VERSION = 4.0;
			};
			name = Debug;
		};
		CDAAC34D1F913695007E3D99 /* Release */ = {
			isa = XCBuildConfiguration;
			buildSettings = {
				ALWAYS_SEARCH_USER_PATHS = NO;
				CLANG_ANALYZER_NONNULL = YES;
				CLANG_ANALYZER_NUMBER_OBJECT_CONVERSION = YES_AGGRESSIVE;
				CLANG_CXX_LANGUAGE_STANDARD = "gnu++14";
				CLANG_CXX_LIBRARY = "libc++";
				CLANG_ENABLE_MODULES = YES;
				CLANG_ENABLE_OBJC_ARC = YES;
				CLANG_WARN_BLOCK_CAPTURE_AUTORELEASING = YES;
				CLANG_WARN_BOOL_CONVERSION = YES;
				CLANG_WARN_COMMA = YES;
				CLANG_WARN_CONSTANT_CONVERSION = YES;
				CLANG_WARN_DIRECT_OBJC_ISA_USAGE = YES_ERROR;
				CLANG_WARN_DOCUMENTATION_COMMENTS = YES;
				CLANG_WARN_EMPTY_BODY = YES;
				CLANG_WARN_ENUM_CONVERSION = YES;
				CLANG_WARN_INFINITE_RECURSION = YES;
				CLANG_WARN_INT_CONVERSION = YES;
				CLANG_WARN_NON_LITERAL_NULL_CONVERSION = YES;
				CLANG_WARN_OBJC_LITERAL_CONVERSION = YES;
				CLANG_WARN_OBJC_ROOT_CLASS = YES_ERROR;
				CLANG_WARN_RANGE_LOOP_ANALYSIS = YES;
				CLANG_WARN_STRICT_PROTOTYPES = YES;
				CLANG_WARN_SUSPICIOUS_MOVE = YES;
				CLANG_WARN_UNGUARDED_AVAILABILITY = YES_AGGRESSIVE;
				CLANG_WARN_UNREACHABLE_CODE = YES;
				CLANG_WARN__DUPLICATE_METHOD_MATCH = YES;
				CODE_SIGN_IDENTITY = "iPhone Developer";
				COPY_PHASE_STRIP = NO;
				DEBUG_INFORMATION_FORMAT = "dwarf-with-dsym";
				ENABLE_NS_ASSERTIONS = NO;
				ENABLE_STRICT_OBJC_MSGSEND = YES;
				GCC_C_LANGUAGE_STANDARD = gnu11;
				GCC_NO_COMMON_BLOCKS = YES;
				GCC_WARN_64_TO_32_BIT_CONVERSION = YES;
				GCC_WARN_ABOUT_RETURN_TYPE = YES_ERROR;
				GCC_WARN_UNDECLARED_SELECTOR = YES;
				GCC_WARN_UNINITIALIZED_AUTOS = YES_AGGRESSIVE;
				GCC_WARN_UNUSED_FUNCTION = YES;
				GCC_WARN_UNUSED_VARIABLE = YES;
				IPHONEOS_DEPLOYMENT_TARGET = 10.0;
				MTL_ENABLE_DEBUG_INFO = NO;
				SDKROOT = iphoneos;
				SWIFT_OPTIMIZATION_LEVEL = "-Owholemodule";
				SWIFT_VERSION = 4.0;
				VALIDATE_PRODUCT = YES;
			};
			name = Release;
		};
		CDAAC34F1F913695007E3D99 /* Debug */ = {
			isa = XCBuildConfiguration;
			buildSettings = {
				ASSETCATALOG_COMPILER_APPICON_NAME = AppIcon;
				CODE_SIGN_STYLE = Automatic;
				DEVELOPMENT_TEAM = 5N9G45L7Z6;
				INFOPLIST_FILE = "$(SRCROOT)/SquareRepos/Supporting Files/Info.plist";
				IPHONEOS_DEPLOYMENT_TARGET = 10.0;
				LD_RUNPATH_SEARCH_PATHS = "$(inherited) @executable_path/Frameworks";
				PRODUCT_BUNDLE_IDENTIFIER = alspirichev.SquareRepos;
				PRODUCT_NAME = "$(TARGET_NAME)";
				SWIFT_VERSION = 4.0;
				TARGETED_DEVICE_FAMILY = 1;
			};
			name = Debug;
		};
		CDAAC3501F913695007E3D99 /* Release */ = {
			isa = XCBuildConfiguration;
			buildSettings = {
				ASSETCATALOG_COMPILER_APPICON_NAME = AppIcon;
				CODE_SIGN_STYLE = Automatic;
				DEVELOPMENT_TEAM = 5N9G45L7Z6;
				INFOPLIST_FILE = "$(SRCROOT)/SquareRepos/Supporting Files/Info.plist";
				IPHONEOS_DEPLOYMENT_TARGET = 10.0;
				LD_RUNPATH_SEARCH_PATHS = "$(inherited) @executable_path/Frameworks";
				PRODUCT_BUNDLE_IDENTIFIER = alspirichev.SquareRepos;
				PRODUCT_NAME = "$(TARGET_NAME)";
				SWIFT_VERSION = 4.0;
				TARGETED_DEVICE_FAMILY = 1;
			};
			name = Release;
		};
/* End XCBuildConfiguration section */

/* Begin XCConfigurationList section */
		CDAAC3371F913695007E3D99 /* Build configuration list for PBXProject "SquareRepos" */ = {
			isa = XCConfigurationList;
			buildConfigurations = (
				CDAAC34C1F913695007E3D99 /* Debug */,
				CDAAC34D1F913695007E3D99 /* Release */,
			);
			defaultConfigurationIsVisible = 0;
			defaultConfigurationName = Release;
		};
		CDAAC34E1F913695007E3D99 /* Build configuration list for PBXNativeTarget "SquareRepos" */ = {
			isa = XCConfigurationList;
			buildConfigurations = (
				CDAAC34F1F913695007E3D99 /* Debug */,
				CDAAC3501F913695007E3D99 /* Release */,
			);
			defaultConfigurationIsVisible = 0;
			defaultConfigurationName = Release;
		};
/* End XCConfigurationList section */
	};
	rootObject = CDAAC3341F913695007E3D99 /* Project object */;
}
